
Microsoft Visual Studio Solution File, Format Version 12.00
# Visual Studio 15
VisualStudioVersion = 15.0.27428.2002
MinimumVisualStudioVersion = 10.0.40219.1
Project("{9A19103F-16F7-4668-BE54-9A1E7A4F7556}") = "CourseApp", "CourseApp.csproj", "{5DC05C7A-13A4-4390-B7F6-56A756AE9DAB}"
EndProject
Global
	GlobalSection(SolutionConfigurationPlatforms) = preSolution
		Debug|Any CPU = Debug|Any CPU
		Release|Any CPU = Release|Any CPU
	EndGlobalSection
	GlobalSection(ProjectConfigurationPlatforms) = postSolution
		{5DC05C7A-13A4-4390-B7F6-56A756AE9DAB}.Debug|Any CPU.ActiveCfg = Debug|Any CPU
		{5DC05C7A-13A4-4390-B7F6-56A756AE9DAB}.Debug|Any CPU.Build.0 = Debug|Any CPU
		{5DC05C7A-13A4-4390-B7F6-56A756AE9DAB}.Release|Any CPU.ActiveCfg = Release|Any CPU
		{5DC05C7A-13A4-4390-B7F6-56A756AE9DAB}.Release|Any CPU.Build.0 = Release|Any CPU
	EndGlobalSection
	GlobalSection(SolutionProperties) = preSolution
		HideSolutionNode = FALSE
	EndGlobalSection
	GlobalSection(ExtensibilityGlobals) = postSolution
		SolutionGuid = {0E4CFCC3-83E2-4924-A074-01939C8738C2}
	EndGlobalSection
EndGlobal
